
Microsoft Visual Studio Solution File, Format Version 12.00
# Visual Studio Version 17
VisualStudioVersion = 17.10.35013.160
MinimumVisualStudioVersion = 10.0.40219.1
Project("{FAE04EC0-301F-11D3-BF4B-00C04F79EFBC}") = "filesUpload", "filesUpload.csproj", "{5DFEDCBD-02B5-42D1-9BFC-DE5CFFEC81AA}"
EndProject
Global
	GlobalSection(SolutionConfigurationPlatforms) = preSolution
		Debug|Any CPU = Debug|Any CPU
		Release|Any CPU = Release|Any CPU
	EndGlobalSection
	GlobalSection(ProjectConfigurationPlatforms) = postSolution
		{5DFEDCBD-02B5-42D1-9BFC-DE5CFFEC81AA}.Debug|Any CPU.ActiveCfg = Debug|Any CPU
		{5DFEDCBD-02B5-42D1-9BFC-DE5CFFEC81AA}.Debug|Any CPU.Build.0 = Debug|Any CPU
		{5DFEDCBD-02B5-42D1-9BFC-DE5CFFEC81AA}.Release|Any CPU.ActiveCfg = Release|Any CPU
		{5DFEDCBD-02B5-42D1-9BFC-DE5CFFEC81AA}.Release|Any CPU.Build.0 = Release|Any CPU
	EndGlobalSection
	GlobalSection(SolutionProperties) = preSolution
		HideSolutionNode = FALSE
	EndGlobalSection
	GlobalSection(ExtensibilityGlobals) = postSolution
		SolutionGuid = {30B51774-8CBC-4B8E-BEE0-B2A49C433110}
	EndGlobalSection
EndGlobal
